
Microsoft Visual Studio Solution File, Format Version 12.00
# Visual Studio Version 17
VisualStudioVersion = 17.10.35004.147
MinimumVisualStudioVersion = 10.0.40219.1
Project("{FAE04EC0-301F-11D3-BF4B-00C04F79EFBC}") = "CS_HW11", "CS_HW11\CS_HW11.csproj", "{DD494737-359E-49F3-91DD-A0011A0EFA3A}"
EndProject
Global
	GlobalSection(SolutionConfigurationPlatforms) = preSolution
		Debug|Any CPU = Debug|Any CPU
		Release|Any CPU = Release|Any CPU
	EndGlobalSection
	GlobalSection(ProjectConfigurationPlatforms) = postSolution
		{DD494737-359E-49F3-91DD-A0011A0EFA3A}.Debug|Any CPU.ActiveCfg = Debug|Any CPU
		{DD494737-359E-49F3-91DD-A0011A0EFA3A}.Debug|Any CPU.Build.0 = Debug|Any CPU
		{DD494737-359E-49F3-91DD-A0011A0EFA3A}.Release|Any CPU.ActiveCfg = Release|Any CPU
		{DD494737-359E-49F3-91DD-A0011A0EFA3A}.Release|Any CPU.Build.0 = Release|Any CPU
	EndGlobalSection
	GlobalSection(SolutionProperties) = preSolution
		HideSolutionNode = FALSE
	EndGlobalSection
	GlobalSection(ExtensibilityGlobals) = postSolution
		SolutionGuid = {18B822FA-0CCC-4CC7-8D5C-CEA899B45601}
	EndGlobalSection
EndGlobal
